
Microsoft Visual Studio Solution File, Format Version 12.00
# Visual Studio Version 17
VisualStudioVersion = 17.2.32602.215
MinimumVisualStudioVersion = 10.0.40219.1
Project("{FAE04EC0-301F-11D3-BF4B-00C04F79EFBC}") = "Calculator", "Calculator\Calculator.csproj", "{0FC7F616-EF4B-4AED-8E37-B6A931C7C554}"
EndProject
Global
	GlobalSection(SolutionConfigurationPlatforms) = preSolution
		Debug|Any CPU = Debug|Any CPU
		Release|Any CPU = Release|Any CPU
	EndGlobalSection
	GlobalSection(ProjectConfigurationPlatforms) = postSolution
		{0FC7F616-EF4B-4AED-8E37-B6A931C7C554}.Debug|Any CPU.ActiveCfg = Debug|Any CPU
		{0FC7F616-EF4B-4AED-8E37-B6A931C7C554}.Debug|Any CPU.Build.0 = Debug|Any CPU
		{0FC7F616-EF4B-4AED-8E37-B6A931C7C554}.Release|Any CPU.ActiveCfg = Release|Any CPU
		{0FC7F616-EF4B-4AED-8E37-B6A931C7C554}.Release|Any CPU.Build.0 = Release|Any CPU
	EndGlobalSection
	GlobalSection(SolutionProperties) = preSolution
		HideSolutionNode = FALSE
	EndGlobalSection
	GlobalSection(ExtensibilityGlobals) = postSolution
		SolutionGuid = {7E36DD57-BF3B-4564-ACEE-D97A228180D5}
	EndGlobalSection
EndGlobal
